github.com/apple/foundationdb/bindings/go v0.0.0-20220312213050-8be519a5d88c h1:q+pWlwdzuF1J/t2BFmmgbg3QSIojGVlvuNMaQ/d8Ju8=
github.com/apple/foundationdb/bindings/go v0.0.0-20220312213050-8be519a5d88c/go.mod h1:w63jdZTFCtvdjsUj5yrdKgjxaAD5uXQX6hJ7EaiLFRs=
golang.org/x/xerrors v0.0.0-20191204190536-9bdfabe68543 h1:E7g+9GITq07hpfrRu66IVDexMakfv52eLZ2CXBWiKr4=
golang.org/x/xerrors v0.0.0-20191204190536-9bdfabe68543/go.mod h1:I/5z698sn9Ka8TeJc9MKroUUfqBBauWjQqLJ2OPfmY0=
